
Microsoft Visual Studio Solution File, Format Version 12.00
# Visual Studio Version 16
VisualStudioVersion = 16.0.29613.14
MinimumVisualStudioVersion = 10.0.40219.1
Project("{9A19103F-16F7-4668-BE54-9A1E7A4F7556}") = "BowlingGame", "BowlingGame\BowlingGame.csproj", "{70263B1E-6AEE-48BE-AD24-BD921EA9F869}"
EndProject
Project("{FAE04EC0-301F-11D3-BF4B-00C04F79EFBC}") = "BowlingGame.Test", "BowlingGame.Test\BowlingGame.Test.csproj", "{A0705369-DAA6-49F9-88D0-8B80C6B6BAB9}"
EndProject
Global
	GlobalSection(SolutionConfigurationPlatforms) = preSolution
		Debug|Any CPU = Debug|Any CPU
		Release|Any CPU = Release|Any CPU
	EndGlobalSection
	GlobalSection(ProjectConfigurationPlatforms) = postSolution
		{70263B1E-6AEE-48BE-AD24-BD921EA9F869}.Debug|Any CPU.ActiveCfg = Debug|Any CPU
		{70263B1E-6AEE-48BE-AD24-BD921EA9F869}.Debug|Any CPU.Build.0 = Debug|Any CPU
		{70263B1E-6AEE-48BE-AD24-BD921EA9F869}.Release|Any CPU.ActiveCfg = Release|Any CPU
		{70263B1E-6AEE-48BE-AD24-BD921EA9F869}.Release|Any CPU.Build.0 = Release|Any CPU
		{A0705369-DAA6-49F9-88D0-8B80C6B6BAB9}.Debug|Any CPU.ActiveCfg = Debug|Any CPU
		{A0705369-DAA6-49F9-88D0-8B80C6B6BAB9}.Debug|Any CPU.Build.0 = Debug|Any CPU
		{A0705369-DAA6-49F9-88D0-8B80C6B6BAB9}.Release|Any CPU.ActiveCfg = Release|Any CPU
		{A0705369-DAA6-49F9-88D0-8B80C6B6BAB9}.Release|Any CPU.Build.0 = Release|Any CPU
	EndGlobalSection
	GlobalSection(SolutionProperties) = preSolution
		HideSolutionNode = FALSE
	EndGlobalSection
	GlobalSection(ExtensibilityGlobals) = postSolution
		SolutionGuid = {EFB03663-4379-41B6-95B8-4222D5451962}
	EndGlobalSection
EndGlobal
